
Microsoft Visual Studio Solution File, Format Version 12.00
# Visual Studio Version 16
VisualStudioVersion = 16.0.30717.126
MinimumVisualStudioVersion = 10.0.40219.1
Project("{FAE04EC0-301F-11D3-BF4B-00C04F79EFBC}") = "SignInHomeWork", "SignInHomeWork\SignInHomeWork.csproj", "{FD35FF1E-A64E-445E-8F50-6BB39376635C}"
EndProject
Global
	GlobalSection(SolutionConfigurationPlatforms) = preSolution
		Debug|Any CPU = Debug|Any CPU
		Release|Any CPU = Release|Any CPU
	EndGlobalSection
	GlobalSection(ProjectConfigurationPlatforms) = postSolution
		{FD35FF1E-A64E-445E-8F50-6BB39376635C}.Debug|Any CPU.ActiveCfg = Debug|Any CPU
		{FD35FF1E-A64E-445E-8F50-6BB39376635C}.Debug|Any CPU.Build.0 = Debug|Any CPU
		{FD35FF1E-A64E-445E-8F50-6BB39376635C}.Release|Any CPU.ActiveCfg = Release|Any CPU
		{FD35FF1E-A64E-445E-8F50-6BB39376635C}.Release|Any CPU.Build.0 = Release|Any CPU
	EndGlobalSection
	GlobalSection(SolutionProperties) = preSolution
		HideSolutionNode = FALSE
	EndGlobalSection
	GlobalSection(ExtensibilityGlobals) = postSolution
		SolutionGuid = {3B73A4B6-738F-4A3F-809A-1E9AF36ABBD7}
	EndGlobalSection
EndGlobal
